Microsoft Visual Studio Solution File, Format Version 11.00
# Visual Studio 2008

Project("{E69B4EB3-AA71-C390-5922-FC9392DED529}") = "solar_system", "Assembly-CSharp-firstpass.csproj", "{70C7675B-DC58-1329-D254-58C89420FB47}"
EndProject
Project("{E69B4EB3-AA71-C390-5922-FC9392DED529}") = "solar_system", "Assembly-CSharp.csproj", "{33C0AA3E-854E-4D46-CF5E-1A25663D0E48}"
EndProject
Project("{E69B4EB3-AA71-C390-5922-FC9392DED529}") = "solar_system", "Assembly-UnityScript-firstpass.unityproj", "{554E3210-CA8E-A4E7-D812-318779DA08A9}"
EndProject
Project("{E69B4EB3-AA71-C390-5922-FC9392DED529}") = "solar_system", "Assembly-UnityScript-Editor.unityproj", "{F7CB359C-BC9F-D15D-CCD3-B936A1E54002}"
EndProject
Global
	GlobalSection(SolutionConfigurationPlatforms) = preSolution
		Debug|Any CPU = Debug|Any CPU
		Release|Any CPU = Release|Any CPU
	EndGlobalSection
	GlobalSection(ProjectConfigurationPlatforms) = postSolution
		{70C7675B-DC58-1329-D254-58C89420FB47}.Debug|Any CPU.ActiveCfg = Debug|Any CPU
		{70C7675B-DC58-1329-D254-58C89420FB47}.Debug|Any CPU.Build.0 = Debug|Any CPU
		{70C7675B-DC58-1329-D254-58C89420FB47}.Release|Any CPU.ActiveCfg = Release|Any CPU
		{70C7675B-DC58-1329-D254-58C89420FB47}.Release|Any CPU.Build.0 = Release|Any CPU
		{33C0AA3E-854E-4D46-CF5E-1A25663D0E48}.Debug|Any CPU.ActiveCfg = Debug|Any CPU
		{33C0AA3E-854E-4D46-CF5E-1A25663D0E48}.Debug|Any CPU.Build.0 = Debug|Any CPU
		{33C0AA3E-854E-4D46-CF5E-1A25663D0E48}.Release|Any CPU.ActiveCfg = Release|Any CPU
		{33C0AA3E-854E-4D46-CF5E-1A25663D0E48}.Release|Any CPU.Build.0 = Release|Any CPU
		{554E3210-CA8E-A4E7-D812-318779DA08A9}.Debug|Any CPU.ActiveCfg = Debug|Any CPU
		{554E3210-CA8E-A4E7-D812-318779DA08A9}.Debug|Any CPU.Build.0 = Debug|Any CPU
		{554E3210-CA8E-A4E7-D812-318779DA08A9}.Release|Any CPU.ActiveCfg = Release|Any CPU
		{554E3210-CA8E-A4E7-D812-318779DA08A9}.Release|Any CPU.Build.0 = Release|Any CPU
		{F7CB359C-BC9F-D15D-CCD3-B936A1E54002}.Debug|Any CPU.ActiveCfg = Debug|Any CPU
		{F7CB359C-BC9F-D15D-CCD3-B936A1E54002}.Debug|Any CPU.Build.0 = Debug|Any CPU
		{F7CB359C-BC9F-D15D-CCD3-B936A1E54002}.Release|Any CPU.ActiveCfg = Release|Any CPU
		{F7CB359C-BC9F-D15D-CCD3-B936A1E54002}.Release|Any CPU.Build.0 = Release|Any CPU
	EndGlobalSection
	GlobalSection(SolutionProperties) = preSolution
		HideSolutionNode = FALSE
	EndGlobalSection
																							GlobalSection(MonoDevelopProperties) = preSolution
		StartupItem = Assembly-CSharp.csproj
		Policies = $0
		$0.TextStylePolicy = $1
		$1.inheritsSet = null
		$1.scope = text/x-csharp
		$0.CSharpFormattingPolicy = $2
		$2.inheritsSet = Mono
		$2.inheritsScope = text/x-csharp
		$2.scope = text/x-csharp
		$0.TextStylePolicy = $3
		$3.FileWidth = 120
		$3.TabWidth = 4
		$3.EolMarker = Windows
		$3.inheritsSet = Mono
		$3.inheritsScope = text/plain
		$3.scope = text/plain
		$0.TextStylePolicy = $4
		$4.inheritsSet = null
		$4.scope = text/x-unitytxt
		$0.TextStylePolicy = $5
		$5.inheritsSet = null
		$5.scope = text/x-shader
	EndGlobalSection

EndGlobal
